// !$*UTF8*$!
{
	archiveVersion = 1;
	classes = {
	};
	objectVersion = 51;
	objects = {

/* Begin PBXBuildFile section */
		2214606123A04848005AFD60 /* StoryboardInitializable.swift in Sources */ = {isa = PBXBuildFile; fileRef = 2214604123A04848005AFD60 /* StoryboardInitializable.swift */; };
		2214606223A04848005AFD60 /* UIViewController+LoadingIndicator.swift in Sources */ = {isa = PBXBuildFile; fileRef = 2214604323A04848005AFD60 /* UIViewController+LoadingIndicator.swift */; };
		2214606323A04848005AFD60 /* LoadingViewController.swift in Sources */ = {isa = PBXBuildFile; fileRef = 2214604423A04848005AFD60 /* LoadingViewController.swift */; };
		2214606423A04848005AFD60 /* UITableView+Reusable.swift in Sources */ = {isa = PBXBuildFile; fileRef = 2214604523A04848005AFD60 /* UITableView+Reusable.swift */; };
		2214606523A04848005AFD60 /* SessionManager+Observable.swift in Sources */ = {isa = PBXBuildFile; fileRef = 2214604723A04848005AFD60 /* SessionManager+Observable.swift */; };
		2214606623A04848005AFD60 /* APIRequestRetrier.swift in Sources */ = {isa = PBXBuildFile; fileRef = 2214604823A04848005AFD60 /* APIRequestRetrier.swift */; };
		2214606723A04848005AFD60 /* CVService.swift in Sources */ = {isa = PBXBuildFile; fileRef = 2214604923A04848005AFD60 /* CVService.swift */; };
		2214606823A04848005AFD60 /* HomeViewModel.swift in Sources */ = {isa = PBXBuildFile; fileRef = 2214604D23A04848005AFD60 /* HomeViewModel.swift */; };
		2214606923A04848005AFD60 /* HomeSectionModel.swift in Sources */ = {isa = PBXBuildFile; fileRef = 2214604E23A04848005AFD60 /* HomeSectionModel.swift */; };
		2214606A23A04848005AFD60 /* EducationItemViewModel.swift in Sources */ = {isa = PBXBuildFile; fileRef = 2214604F23A04848005AFD60 /* EducationItemViewModel.swift */; };
		2214606B23A04848005AFD60 /* SkillItemViewModel.swift in Sources */ = {isa = PBXBuildFile; fileRef = 2214605023A04848005AFD60 /* SkillItemViewModel.swift */; };
		2214606C23A04848005AFD60 /* HomeSectionBuilder.swift in Sources */ = {isa = PBXBuildFile; fileRef = 2214605123A04848005AFD60 /* HomeSectionBuilder.swift */; };
		2214606D23A04848005AFD60 /* CompanyItemViewModel.swift in Sources */ = {isa = PBXBuildFile; fileRef = 2214605223A04848005AFD60 /* CompanyItemViewModel.swift */; };
		2214606E23A04848005AFD60 /* HomeViewController.swift in Sources */ = {isa = PBXBuildFile; fileRef = 2214605423A04848005AFD60 /* HomeViewController.swift */; };
		2214607023A04848005AFD60 /* HomeTableHeaderView.swift in Sources */ = {isa = PBXBuildFile; fileRef = 2214605623A04848005AFD60 /* HomeTableHeaderView.swift */; };
		2214607123A04848005AFD60 /* CompanyTableViewCell.swift in Sources */ = {isa = PBXBuildFile; fileRef = 2214605723A04848005AFD60 /* CompanyTableViewCell.swift */; };
		2214607223A04848005AFD60 /* SummaryTableViewCell.swift in Sources */ = {isa = PBXBuildFile; fileRef = 2214605823A04848005AFD60 /* SummaryTableViewCell.swift */; };
		2214607323A04848005AFD60 /* EducationTableViewCell.swift in Sources */ = {isa = PBXBuildFile; fileRef = 2214605923A04848005AFD60 /* EducationTableViewCell.swift */; };
		2214607423A04848005AFD60 /* SkillTableViewCell.swift in Sources */ = {isa = PBXBuildFile; fileRef = 2214605A23A04848005AFD60 /* SkillTableViewCell.swift */; };
		2214607523A04848005AFD60 /* CVModel.swift in Sources */ = {isa = PBXBuildFile; fileRef = 2214605C23A04848005AFD60 /* CVModel.swift */; };
		2214608C23A048FC005AFD60 /* ViewModelsTests.swift in Sources */ = {isa = PBXBuildFile; fileRef = 2214608623A048FC005AFD60 /* ViewModelsTests.swift */; };
		2214608E23A048FC005AFD60 /* incorrect_cv.json in Resources */ = {isa = PBXBuildFile; fileRef = 2214608A23A048FC005AFD60 /* incorrect_cv.json */; };
		2214608F23A048FC005AFD60 /* correct_cv.json in Resources */ = {isa = PBXBuildFile; fileRef = 2214608B23A048FC005AFD60 /* correct_cv.json */; };
		2214609D23A05035005AFD60 /* Assets.xcassets in Resources */ = {isa = PBXBuildFile; fileRef = 2214609C23A05035005AFD60 /* Assets.xcassets */; };
		2214609E23A050A8005AFD60 /* Main.storyboard in Resources */ = {isa = PBXBuildFile; fileRef = 2214605523A04848005AFD60 /* Main.storyboard */; };
		221460C623A0533D005AFD60 /* LaunchScreen.storyboard in Resources */ = {isa = PBXBuildFile; fileRef = 221460C523A0533D005AFD60 /* LaunchScreen.storyboard */; };
		221DAD3222F444640007A19A /* Strings.swift in Sources */ = {isa = PBXBuildFile; fileRef = 221DAD3122F444640007A19A /* Strings.swift */; };
		2234C30A22F301B400FB3DD2 /* AppDelegate.swift in Sources */ = {isa = PBXBuildFile; fileRef = 2234C30922F301B400FB3DD2 /* AppDelegate.swift */; };
		2234C32D22F3321800FB3DD2 /* ApplicationCoordinator.swift in Sources */ = {isa = PBXBuildFile; fileRef = 2234C32C22F3321800FB3DD2 /* ApplicationCoordinator.swift */; };
		2243E2EA23A0FEC200B5D412 /* CVModelDecodingTests.swift in Sources */ = {isa = PBXBuildFile; fileRef = 2243E2E923A0FEC200B5D412 /* CVModelDecodingTests.swift */; };
		9831D377419AB07176875C65 /* Pods_VladimirZivanovCV_VladimirZivanovCVTests.framework in Frameworks */ = {isa = PBXBuildFile; fileRef = 0A22D4C797BE473594A051AB /* Pods_VladimirZivanovCV_VladimirZivanovCVTests.framework */; };
		F391B145029D31B0E8A4B8EE /* Pods_VladimirZivanovCV.framework in Frameworks */ = {isa = PBXBuildFile; fileRef = E13A6DF3E2B6843B9C3F30D0 /* Pods_VladimirZivanovCV.framework */; };
/* End PBXBuildFile section */

/* Begin PBXContainerItemProxy section */
		2214608123A048EB005AFD60 /* PBXContainerItemProxy */ = {
			isa = PBXContainerItemProxy;
			containerPortal = 2234C2FE22F301B400FB3DD2 /* Project object */;
			proxyType = 1;
			remoteGlobalIDString = 2234C30522F301B400FB3DD2;
			remoteInfo = VladimirZivanovCV;
		};
/* End PBXContainerItemProxy section */

/* Begin PBXFileReference section */
		0A22D4C797BE473594A051AB /* Pods_VladimirZivanovCV_VladimirZivanovCVTests.framework */ = {isa = PBXFileReference; explicitFileType = wrapper.framework; includeInIndex = 0; path = Pods_VladimirZivanovCV_VladimirZivanovCVTests.framework; sourceTree = BUILT_PRODUCTS_DIR; };
		0D02E274C30A036983FD14EE /* Pods-VladimirZivanovCV-VladimirZivanovCVTests.debug.xcconfig */ = {isa = PBXFileReference; includeInIndex = 1; lastKnownFileType = text.xcconfig; name = "Pods-VladimirZivanovCV-VladimirZivanovCVTests.debug.xcconfig"; path = "Target Support Files/Pods-VladimirZivanovCV-VladimirZivanovCVTests/Pods-VladimirZivanovCV-VladimirZivanovCVTests.debug.xcconfig"; sourceTree = "<group>"; };
		2214604123A04848005AFD60 /* StoryboardInitializable.swift */ = {isa = PBXFileReference; fileEncoding = 4; lastKnownFileType = sourcecode.swift; path = StoryboardInitializable.swift; sourceTree = "<group>"; };
		2214604323A04848005AFD60 /* UIViewController+LoadingIndicator.swift */ = {isa = PBXFileReference; fileEncoding = 4; lastKnownFileType = sourcecode.swift; path = "UIViewController+LoadingIndicator.swift"; sourceTree = "<group>"; };
		2214604423A04848005AFD60 /* LoadingViewController.swift */ = {isa = PBXFileReference; fileEncoding = 4; lastKnownFileType = sourcecode.swift; path = LoadingViewController.swift; sourceTree = "<group>"; };
		2214604523A04848005AFD60 /* UITableView+Reusable.swift */ = {isa = PBXFileReference; fileEncoding = 4; lastKnownFileType = sourcecode.swift; path = "UITableView+Reusable.swift"; sourceTree = "<group>"; };
		2214604723A04848005AFD60 /* SessionManager+Observable.swift */ = {isa = PBXFileReference; fileEncoding = 4; lastKnownFileType = sourcecode.swift; path = "SessionManager+Observable.swift"; sourceTree = "<group>"; };
		2214604823A04848005AFD60 /* APIRequestRetrier.swift */ = {isa = PBXFileReference; fileEncoding = 4; lastKnownFileType = sourcecode.swift; path = APIRequestRetrier.swift; sourceTree = "<group>"; };
		2214604923A04848005AFD60 /* CVService.swift */ = {isa = PBXFileReference; fileEncoding = 4; lastKnownFileType = sourcecode.swift; path = CVService.swift; sourceTree = "<group>"; };
		2214604D23A04848005AFD60 /* HomeViewModel.swift */ = {isa = PBXFileReference; fileEncoding = 4; lastKnownFileType = sourcecode.swift; path = HomeViewModel.swift; sourceTree = "<group>"; };
		2214604E23A04848005AFD60 /* HomeSectionModel.swift */ = {isa = PBXFileReference; fileEncoding = 4; lastKnownFileType = sourcecode.swift; path = HomeSectionModel.swift; sourceTree = "<group>"; };
		2214604F23A04848005AFD60 /* EducationItemViewModel.swift */ = {isa = PBXFileReference; fileEncoding = 4; lastKnownFileType = sourcecode.swift; path = EducationItemViewModel.swift; sourceTree = "<group>"; };
		2214605023A04848005AFD60 /* SkillItemViewModel.swift */ = {isa = PBXFileReference; fileEncoding = 4; lastKnownFileType = sourcecode.swift; path = SkillItemViewModel.swift; sourceTree = "<group>"; };
		2214605123A04848005AFD60 /* HomeSectionBuilder.swift */ = {isa = PBXFileReference; fileEncoding = 4; lastKnownFileType = sourcecode.swift; path = HomeSectionBuilder.swift; sourceTree = "<group>"; };
		2214605223A04848005AFD60 /* CompanyItemViewModel.swift */ = {isa = PBXFileReference; fileEncoding = 4; lastKnownFileType = sourcecode.swift; path = CompanyItemViewModel.swift; sourceTree = "<group>"; };
		2214605423A04848005AFD60 /* HomeViewController.swift */ = {isa = PBXFileReference; fileEncoding = 4; lastKnownFileType = sourcecode.swift; path = HomeViewController.swift; sourceTree = "<group>"; };
		2214605523A04848005AFD60 /* Main.storyboard */ = {isa = PBXFileReference; fileEncoding = 4; lastKnownFileType = file.storyboard; path = Main.storyboard; sourceTree = "<group>"; };
		2214605623A04848005AFD60 /* HomeTableHeaderView.swift */ = {isa = PBXFileReference; fileEncoding = 4; lastKnownFileType = sourcecode.swift; path = HomeTableHeaderView.swift; sourceTree = "<group>"; };
		2214605723A04848005AFD60 /* CompanyTableViewCell.swift */ = {isa = PBXFileReference; fileEncoding = 4; lastKnownFileType = sourcecode.swift; path = CompanyTableViewCell.swift; sourceTree = "<group>"; };
		2214605823A04848005AFD60 /* SummaryTableViewCell.swift */ = {isa = PBXFileReference; fileEncoding = 4; lastKnownFileType = sourcecode.swift; path = SummaryTableViewCell.swift; sourceTree = "<group>"; };
		2214605923A04848005AFD60 /* EducationTableViewCell.swift */ = {isa = PBXFileReference; fileEncoding = 4; lastKnownFileType = sourcecode.swift; path = EducationTableViewCell.swift; sourceTree = "<group>"; };
		2214605A23A04848005AFD60 /* SkillTableViewCell.swift */ = {isa = PBXFileReference; fileEncoding = 4; lastKnownFileType = sourcecode.swift; path = SkillTableViewCell.swift; sourceTree = "<group>"; };
		2214605C23A04848005AFD60 /* CVModel.swift */ = {isa = PBXFileReference; fileEncoding = 4; lastKnownFileType = sourcecode.swift; path = CVModel.swift; sourceTree = "<group>"; };
		2214607C23A048EB005AFD60 /* VladimirZivanovCVTests.xctest */ = {isa = PBXFileReference; explicitFileType = wrapper.cfbundle; includeInIndex = 0; path = VladimirZivanovCVTests.xctest; sourceTree = BUILT_PRODUCTS_DIR; };
		2214608023A048EB005AFD60 /* Info.plist */ = {isa = PBXFileReference; lastKnownFileType = text.plist.xml; path = Info.plist; sourceTree = "<group>"; };
		2214608623A048FC005AFD60 /* ViewModelsTests.swift */ = {isa = PBXFileReference; fileEncoding = 4; lastKnownFileType = sourcecode.swift; path = ViewModelsTests.swift; sourceTree = "<group>"; };
		2214608A23A048FC005AFD60 /* incorrect_cv.json */ = {isa = PBXFileReference; fileEncoding = 4; lastKnownFileType = text.json; path = incorrect_cv.json; sourceTree = "<group>"; };
		2214608B23A048FC005AFD60 /* correct_cv.json */ = {isa = PBXFileReference; fileEncoding = 4; lastKnownFileType = text.json; path = correct_cv.json; sourceTree = "<group>"; };
		2214609C23A05035005AFD60 /* Assets.xcassets */ = {isa = PBXFileReference; lastKnownFileType = folder.assetcatalog; name = Assets.xcassets; path = VladimirZivanovCV/Assets.xcassets; sourceTree = SOURCE_ROOT; };
		2214609F23A050CB005AFD60 /* Info.plist */ = {isa = PBXFileReference; lastKnownFileType = text.plist; name = Info.plist; path = VladimirZivanovCV/Info.plist; sourceTree = SOURCE_ROOT; };
		221460C523A0533D005AFD60 /* LaunchScreen.storyboard */ = {isa = PBXFileReference; lastKnownFileType = file.storyboard; name = LaunchScreen.storyboard; path = VladimirZivanovCV/LaunchScreen.storyboard; sourceTree = SOURCE_ROOT; };
		221DAD3122F444640007A19A /* Strings.swift */ = {isa = PBXFileReference; lastKnownFileType = sourcecode.swift; path = Strings.swift; sourceTree = "<group>"; };
		2234C30622F301B400FB3DD2 /* VladimirZivanovCV.app */ = {isa = PBXFileReference; explicitFileType = wrapper.application; includeInIndex = 0; path = VladimirZivanovCV.app; sourceTree = BUILT_PRODUCTS_DIR; };
		2234C30922F301B400FB3DD2 /* AppDelegate.swift */ = {isa = PBXFileReference; lastKnownFileType = sourcecode.swift; path = AppDelegate.swift; sourceTree = "<group>"; };
		2234C32C22F3321800FB3DD2 /* ApplicationCoordinator.swift */ = {isa = PBXFileReference; lastKnownFileType = sourcecode.swift; path = ApplicationCoordinator.swift; sourceTree = "<group>"; };
		2243E2E923A0FEC200B5D412 /* CVModelDecodingTests.swift */ = {isa = PBXFileReference; lastKnownFileType = sourcecode.swift; path = CVModelDecodingTests.swift; sourceTree = "<group>"; };
		6C625D94302BF493C16016B0 /* Pods-VladimirZivanovCV.release.xcconfig */ = {isa = PBXFileReference; includeInIndex = 1; lastKnownFileType = text.xcconfig; name = "Pods-VladimirZivanovCV.release.xcconfig"; path = "Target Support Files/Pods-VladimirZivanovCV/Pods-VladimirZivanovCV.release.xcconfig"; sourceTree = "<group>"; };
		9DBC8A24F60C8C4E0024378A /* Pods-VladimirZivanovCV-VladimirZivanovCVTests.release.xcconfig */ = {isa = PBXFileReference; includeInIndex = 1; lastKnownFileType = text.xcconfig; name = "Pods-VladimirZivanovCV-VladimirZivanovCVTests.release.xcconfig"; path = "Target Support Files/Pods-VladimirZivanovCV-VladimirZivanovCVTests/Pods-VladimirZivanovCV-VladimirZivanovCVTests.release.xcconfig"; sourceTree = "<group>"; };
		C3CFCBC0484BAB9E1269D9BF /* Pods-VladimirZivanovCV.debug.xcconfig */ = {isa = PBXFileReference; includeInIndex = 1; lastKnownFileType = text.xcconfig; name = "Pods-VladimirZivanovCV.debug.xcconfig"; path = "Target Support Files/Pods-VladimirZivanovCV/Pods-VladimirZivanovCV.debug.xcconfig"; sourceTree = "<group>"; };
		E13A6DF3E2B6843B9C3F30D0 /* Pods_VladimirZivanovCV.framework */ = {isa = PBXFileReference; explicitFileType = wrapper.framework; includeInIndex = 0; path = Pods_VladimirZivanovCV.framework; sourceTree = BUILT_PRODUCTS_DIR; };
/* End PBXFileReference section */

/* Begin PBXFrameworksBuildPhase section */
		2214607923A048EB005AFD60 /* Frameworks */ = {
			isa = PBXFrameworksBuildPhase;
			buildActionMask = 2147483647;
			files = (
				9831D377419AB07176875C65 /* Pods_VladimirZivanovCV_VladimirZivanovCVTests.framework in Frameworks */,
			);
			runOnlyForDeploymentPostprocessing = 0;
		};
		2234C30322F301B400FB3DD2 /* Frameworks */ = {
			isa = PBXFrameworksBuildPhase;
			buildActionMask = 2147483647;
			files = (
				F391B145029D31B0E8A4B8EE /* Pods_VladimirZivanovCV.framework in Frameworks */,
			);
			runOnlyForDeploymentPostprocessing = 0;
		};
/* End PBXFrameworksBuildPhase section */

/* Begin PBXGroup section */
		2214604023A04848005AFD60 /* Helpers */ = {
			isa = PBXGroup;
			children = (
				2214604123A04848005AFD60 /* StoryboardInitializable.swift */,
				2214604223A04848005AFD60 /* LoadingIndicator */,
				2214604523A04848005AFD60 /* UITableView+Reusable.swift */,
			);
			path = Helpers;
			sourceTree = "<group>";
		};
		2214604223A04848005AFD60 /* LoadingIndicator */ = {
			isa = PBXGroup;
			children = (
				2214604323A04848005AFD60 /* UIViewController+LoadingIndicator.swift */,
				2214604423A04848005AFD60 /* LoadingViewController.swift */,
			);
			path = LoadingIndicator;
			sourceTree = "<group>";
		};
		2214604623A04848005AFD60 /* Networking */ = {
			isa = PBXGroup;
			children = (
				2214604723A04848005AFD60 /* SessionManager+Observable.swift */,
				2214604823A04848005AFD60 /* APIRequestRetrier.swift */,
				2214604923A04848005AFD60 /* CVService.swift */,
			);
			path = Networking;
			sourceTree = "<group>";
		};
		2214604A23A04848005AFD60 /* Scenes */ = {
			isa = PBXGroup;
			children = (
				2214604B23A04848005AFD60 /* Home */,
			);
			path = Scenes;
			sourceTree = "<group>";
		};
		2214604B23A04848005AFD60 /* Home */ = {
			isa = PBXGroup;
			children = (
				2214604C23A04848005AFD60 /* ViewModel */,
				2214605323A04848005AFD60 /* View */,
			);
			path = Home;
			sourceTree = "<group>";
		};
		2214604C23A04848005AFD60 /* ViewModel */ = {
			isa = PBXGroup;
			children = (
				2214604E23A04848005AFD60 /* HomeSectionModel.swift */,
				2214604D23A04848005AFD60 /* HomeViewModel.swift */,
				2214605023A04848005AFD60 /* SkillItemViewModel.swift */,
				2214605223A04848005AFD60 /* CompanyItemViewModel.swift */,
				2214604F23A04848005AFD60 /* EducationItemViewModel.swift */,
				2214605123A04848005AFD60 /* HomeSectionBuilder.swift */,
			);
			path = ViewModel;
			sourceTree = "<group>";
		};
		2214605323A04848005AFD60 /* View */ = {
			isa = PBXGroup;
			children = (
				2214605423A04848005AFD60 /* HomeViewController.swift */,
				2214605523A04848005AFD60 /* Main.storyboard */,
				2214605623A04848005AFD60 /* HomeTableHeaderView.swift */,
				2214605723A04848005AFD60 /* CompanyTableViewCell.swift */,
				2214605823A04848005AFD60 /* SummaryTableViewCell.swift */,
				2214605923A04848005AFD60 /* EducationTableViewCell.swift */,
				2214605A23A04848005AFD60 /* SkillTableViewCell.swift */,
			);
			path = View;
			sourceTree = "<group>";
		};
		2214605B23A04848005AFD60 /* Model */ = {
			isa = PBXGroup;
			children = (
				2214605C23A04848005AFD60 /* CVModel.swift */,
			);
			path = Model;
			sourceTree = "<group>";
		};
		2214605D23A04848005AFD60 /* Resources */ = {
			isa = PBXGroup;
			children = (
				2214609F23A050CB005AFD60 /* Info.plist */,
				2214609C23A05035005AFD60 /* Assets.xcassets */,
				221460C523A0533D005AFD60 /* LaunchScreen.storyboard */,
			);
			name = Resources;
			path = ../../../VladimirZivanovCV/VladimirZivanovCV/Resources;
			sourceTree = "<group>";
		};
		2214607D23A048EB005AFD60 /* VladimirZivanovCVTests */ = {
			isa = PBXGroup;
			children = (
				2214608623A048FC005AFD60 /* ViewModelsTests.swift */,
				2243E2E923A0FEC200B5D412 /* CVModelDecodingTests.swift */,
				2214608923A048FC005AFD60 /* Resources */,
				2214608023A048EB005AFD60 /* Info.plist */,
			);
			path = VladimirZivanovCVTests;
			sourceTree = "<group>";
		};
		2214608923A048FC005AFD60 /* Resources */ = {
			isa = PBXGroup;
			children = (
				2214608A23A048FC005AFD60 /* incorrect_cv.json */,
				2214608B23A048FC005AFD60 /* correct_cv.json */,
			);
			path = Resources;
			sourceTree = "<group>";
		};
		2234C2FD22F301B400FB3DD2 = {
			isa = PBXGroup;
			children = (
				2234C30822F301B400FB3DD2 /* VladimirZivanovCV */,
				2214607D23A048EB005AFD60 /* VladimirZivanovCVTests */,
				2234C30722F301B400FB3DD2 /* Products */,
				783E41F942C62C7DC9505104 /* Pods */,
				C31603CCEA9619FDCE830FFF /* Frameworks */,
			);
			sourceTree = "<group>";
		};
		2234C30722F301B400FB3DD2 /* Products */ = {
			isa = PBXGroup;
			children = (
				2234C30622F301B400FB3DD2 /* VladimirZivanovCV.app */,
				2214607C23A048EB005AFD60 /* VladimirZivanovCVTests.xctest */,
			);
			name = Products;
			sourceTree = "<group>";
		};
		2234C30822F301B400FB3DD2 /* VladimirZivanovCV */ = {
			isa = PBXGroup;
			children = (
				2234C30922F301B400FB3DD2 /* AppDelegate.swift */,
				2234C32C22F3321800FB3DD2 /* ApplicationCoordinator.swift */,
				221DAD3122F444640007A19A /* Strings.swift */,
				2214605B23A04848005AFD60 /* Model */,
				2214604623A04848005AFD60 /* Networking */,
				2214604A23A04848005AFD60 /* Scenes */,
				2214604023A04848005AFD60 /* Helpers */,
				2214605D23A04848005AFD60 /* Resources */,
			);
			path = VladimirZivanovCV;
			sourceTree = "<group>";
		};
		783E41F942C62C7DC9505104 /* Pods */ = {
			isa = PBXGroup;
			children = (
				C3CFCBC0484BAB9E1269D9BF /* Pods-VladimirZivanovCV.debug.xcconfig */,
				6C625D94302BF493C16016B0 /* Pods-VladimirZivanovCV.release.xcconfig */,
				0D02E274C30A036983FD14EE /* Pods-VladimirZivanovCV-VladimirZivanovCVTests.debug.xcconfig */,
				9DBC8A24F60C8C4E0024378A /* Pods-VladimirZivanovCV-VladimirZivanovCVTests.release.xcconfig */,
			);
			path = Pods;
			sourceTree = "<group>";
		};
		C31603CCEA9619FDCE830FFF /* Frameworks */ = {
			isa = PBXGroup;
			children = (
				E13A6DF3E2B6843B9C3F30D0 /* Pods_VladimirZivanovCV.framework */,
				0A22D4C797BE473594A051AB /* Pods_VladimirZivanovCV_VladimirZivanovCVTests.framework */,
			);
			name = Frameworks;
			sourceTree = "<group>";
		};
/* End PBXGroup section */

/* Begin PBXNativeTarget section */
		2214607B23A048EB005AFD60 /* VladimirZivanovCVTests */ = {
			isa = PBXNativeTarget;
			buildConfigurationList = 2214608323A048EB005AFD60 /* Build configuration list for PBXNativeTarget "VladimirZivanovCVTests" */;
			buildPhases = (
				1D7D58666BE9061926F64203 /* [CP] Check Pods Manifest.lock */,
				2214607823A048EB005AFD60 /* Sources */,
				2214607923A048EB005AFD60 /* Frameworks */,
				2214607A23A048EB005AFD60 /* Resources */,
				A811732A491607B477338FF8 /* [CP] Embed Pods Frameworks */,
			);
			buildRules = (
			);
			dependencies = (
				2214608223A048EB005AFD60 /* PBXTargetDependency */,
			);
			name = VladimirZivanovCVTests;
			productName = VladimirZivanovCVTests;
			productReference = 2214607C23A048EB005AFD60 /* VladimirZivanovCVTests.xctest */;
			productType = "com.apple.product-type.bundle.unit-test";
		};
		2234C30522F301B400FB3DD2 /* VladimirZivanovCV */ = {
			isa = PBXNativeTarget;
			buildConfigurationList = 2234C31822F301B700FB3DD2 /* Build configuration list for PBXNativeTarget "VladimirZivanovCV" */;
			buildPhases = (
				BB8DE6975E47A684A6A31E9D /* [CP] Check Pods Manifest.lock */,
				2234C30222F301B400FB3DD2 /* Sources */,
				2234C30322F301B400FB3DD2 /* Frameworks */,
				2234C30422F301B400FB3DD2 /* Resources */,
				CCC7F73D2C1952EFD03F7567 /* [CP] Embed Pods Frameworks */,
			);
			buildRules = (
			);
			dependencies = (
			);
			name = VladimirZivanovCV;
			productName = VladimirZivanovCV;
			productReference = 2234C30622F301B400FB3DD2 /* VladimirZivanovCV.app */;
			productType = "com.apple.product-type.application";
		};
/* End PBXNativeTarget section */

/* Begin PBXProject section */
		2234C2FE22F301B400FB3DD2 /* Project object */ = {
			isa = PBXProject;
			attributes = {
				LastSwiftUpdateCheck = 1120;
				LastUpgradeCheck = 1030;
				ORGANIZATIONNAME = "Vladimir Zivanov";
				TargetAttributes = {
					2214607B23A048EB005AFD60 = {
						CreatedOnToolsVersion = 11.2.1;
						TestTargetID = 2234C30522F301B400FB3DD2;
					};
					2234C30522F301B400FB3DD2 = {
						CreatedOnToolsVersion = 10.3;
					};
				};
			};
			buildConfigurationList = 2234C30122F301B400FB3DD2 /* Build configuration list for PBXProject "VladimirZivanovCV" */;
			compatibilityVersion = "Xcode 9.3";
			developmentRegion = en;
			hasScannedForEncodings = 0;
			knownRegions = (
				en,
				Base,
			);
			mainGroup = 2234C2FD22F301B400FB3DD2;
			productRefGroup = 2234C30722F301B400FB3DD2 /* Products */;
			projectDirPath = "";
			projectRoot = "";
			targets = (
				2234C30522F301B400FB3DD2 /* VladimirZivanovCV */,
				2214607B23A048EB005AFD60 /* VladimirZivanovCVTests */,
			);
		};
/* End PBXProject section */

/* Begin PBXResourcesBuildPhase section */
		2214607A23A048EB005AFD60 /* Resources */ = {
			isa = PBXResourcesBuildPhase;
			buildActionMask = 2147483647;
			files = (
				2214608E23A048FC005AFD60 /* incorrect_cv.json in Resources */,
				2214608F23A048FC005AFD60 /* correct_cv.json in Resources */,
			);
			runOnlyForDeploymentPostprocessing = 0;
		};
		2234C30422F301B400FB3DD2 /* Resources */ = {
			isa = PBXResourcesBuildPhase;
			buildActionMask = 2147483647;
			files = (
				221460C623A0533D005AFD60 /* LaunchScreen.storyboard in Resources */,
				2214609D23A05035005AFD60 /* Assets.xcassets in Resources */,
				2214609E23A050A8005AFD60 /* Main.storyboard in Resources */,
			);
			runOnlyForDeploymentPostprocessing = 0;
		};
/* End PBXResourcesBuildPhase section */

/* Begin PBXShellScriptBuildPhase section */
		1D7D58666BE9061926F64203 /* [CP] Check Pods Manifest.lock */ = {
			isa = PBXShellScriptBuildPhase;
			buildActionMask = 2147483647;
			files = (
			);
			inputFileListPaths = (
			);
			inputPaths = (
				"${PODS_PODFILE_DIR_PATH}/Podfile.lock",
				"${PODS_ROOT}/Manifest.lock",
			);
			name = "[CP] Check Pods Manifest.lock";
			outputFileListPaths = (
			);
			outputPaths = (
				"$(DERIVED_FILE_DIR)/Pods-VladimirZivanovCV-VladimirZivanovCVTests-checkManifestLockResult.txt",
			);
			runOnlyForDeploymentPostprocessing = 0;
			shellPath = /bin/sh;
			shellScript = "diff \"${PODS_PODFILE_DIR_PATH}/Podfile.lock\" \"${PODS_ROOT}/Manifest.lock\" > /dev/null\nif [ $? != 0 ] ; then\n    # print error to STDERR\n    echo \"error: The sandbox is not in sync with the Podfile.lock. Run 'pod install' or update your CocoaPods installation.\" >&2\n    exit 1\nfi\n# This output is used by Xcode 'outputs' to avoid re-running this script phase.\necho \"SUCCESS\" > \"${SCRIPT_OUTPUT_FILE_0}\"\n";
			showEnvVarsInLog = 0;
		};
		A811732A491607B477338FF8 /* [CP] Embed Pods Frameworks */ = {
			isa = PBXShellScriptBuildPhase;
			buildActionMask = 2147483647;
			files = (
			);
			inputFileListPaths = (
				"${PODS_ROOT}/Target Support Files/Pods-VladimirZivanovCV-VladimirZivanovCVTests/Pods-VladimirZivanovCV-VladimirZivanovCVTests-frameworks-${CONFIGURATION}-input-files.xcfilelist",
			);
			name = "[CP] Embed Pods Frameworks";
			outputFileListPaths = (
				"${PODS_ROOT}/Target Support Files/Pods-VladimirZivanovCV-VladimirZivanovCVTests/Pods-VladimirZivanovCV-VladimirZivanovCVTests-frameworks-${CONFIGURATION}-output-files.xcfilelist",
			);
			runOnlyForDeploymentPostprocessing = 0;
			shellPath = /bin/sh;
			shellScript = "\"${PODS_ROOT}/Target Support Files/Pods-VladimirZivanovCV-VladimirZivanovCVTests/Pods-VladimirZivanovCV-VladimirZivanovCVTests-frameworks.sh\"\n";
			showEnvVarsInLog = 0;
		};
		BB8DE6975E47A684A6A31E9D /* [CP] Check Pods Manifest.lock */ = {
			isa = PBXShellScriptBuildPhase;
			buildActionMask = 2147483647;
			files = (
			);
			inputFileListPaths = (
			);
			inputPaths = (
				"${PODS_PODFILE_DIR_PATH}/Podfile.lock",
				"${PODS_ROOT}/Manifest.lock",
			);
			name = "[CP] Check Pods Manifest.lock";
			outputFileListPaths = (
			);
			outputPaths = (
				"$(DERIVED_FILE_DIR)/Pods-VladimirZivanovCV-checkManifestLockResult.txt",
			);
			runOnlyForDeploymentPostprocessing = 0;
			shellPath = /bin/sh;
			shellScript = "diff \"${PODS_PODFILE_DIR_PATH}/Podfile.lock\" \"${PODS_ROOT}/Manifest.lock\" > /dev/null\nif [ $? != 0 ] ; then\n    # print error to STDERR\n    echo \"error: The sandbox is not in sync with the Podfile.lock. Run 'pod install' or update your CocoaPods installation.\" >&2\n    exit 1\nfi\n# This output is used by Xcode 'outputs' to avoid re-running this script phase.\necho \"SUCCESS\" > \"${SCRIPT_OUTPUT_FILE_0}\"\n";
			showEnvVarsInLog = 0;
		};
		CCC7F73D2C1952EFD03F7567 /* [CP] Embed Pods Frameworks */ = {
			isa = PBXShellScriptBuildPhase;
			buildActionMask = 2147483647;
			files = (
			);
			inputFileListPaths = (
				"${PODS_ROOT}/Target Support Files/Pods-VladimirZivanovCV/Pods-VladimirZivanovCV-frameworks-${CONFIGURATION}-input-files.xcfilelist",
			);
			name = "[CP] Embed Pods Frameworks";
			outputFileListPaths = (
				"${PODS_ROOT}/Target Support Files/Pods-VladimirZivanovCV/Pods-VladimirZivanovCV-frameworks-${CONFIGURATION}-output-files.xcfilelist",
			);
			runOnlyForDeploymentPostprocessing = 0;
			shellPath = /bin/sh;
			shellScript = "\"${PODS_ROOT}/Target Support Files/Pods-VladimirZivanovCV/Pods-VladimirZivanovCV-frameworks.sh\"\n";
			showEnvVarsInLog = 0;
		};
/* End PBXShellScriptBuildPhase section */

/* Begin PBXSourcesBuildPhase section */
		2214607823A048EB005AFD60 /* Sources */ = {
			isa = PBXSourcesBuildPhase;
			buildActionMask = 2147483647;
			files = (
				2243E2EA23A0FEC200B5D412 /* CVModelDecodingTests.swift in Sources */,
				2214608C23A048FC005AFD60 /* ViewModelsTests.swift in Sources */,
			);
			runOnlyForDeploymentPostprocessing = 0;
		};
		2234C30222F301B400FB3DD2 /* Sources */ = {
			isa = PBXSourcesBuildPhase;
			buildActionMask = 2147483647;
			files = (
				2214606923A04848005AFD60 /* HomeSectionModel.swift in Sources */,
				2214606C23A04848005AFD60 /* HomeSectionBuilder.swift in Sources */,
				2214606A23A04848005AFD60 /* EducationItemViewModel.swift in Sources */,
				2214607523A04848005AFD60 /* CVModel.swift in Sources */,
				2214606E23A04848005AFD60 /* HomeViewController.swift in Sources */,
				221DAD3222F444640007A19A /* Strings.swift in Sources */,
				2214607023A04848005AFD60 /* HomeTableHeaderView.swift in Sources */,
				2214607123A04848005AFD60 /* CompanyTableViewCell.swift in Sources */,
				2214606823A04848005AFD60 /* HomeViewModel.swift in Sources */,
				2214606523A04848005AFD60 /* SessionManager+Observable.swift in Sources */,
				2214606223A04848005AFD60 /* UIViewController+LoadingIndicator.swift in Sources */,
				2214606D23A04848005AFD60 /* CompanyItemViewModel.swift in Sources */,
				2234C30A22F301B400FB3DD2 /* AppDelegate.swift in Sources */,
				2214606B23A04848005AFD60 /* SkillItemViewModel.swift in Sources */,
				2214606723A04848005AFD60 /* CVService.swift in Sources */,
				2214606123A04848005AFD60 /* StoryboardInitializable.swift in Sources */,
				2214607323A04848005AFD60 /* EducationTableViewCell.swift in Sources */,
				2234C32D22F3321800FB3DD2 /* ApplicationCoordinator.swift in Sources */,
				2214606623A04848005AFD60 /* APIRequestRetrier.swift in Sources */,
				2214606323A04848005AFD60 /* LoadingViewController.swift in Sources */,
				2214607223A04848005AFD60 /* SummaryTableViewCell.swift in Sources */,
				2214606423A04848005AFD60 /* UITableView+Reusable.swift in Sources */,
				2214607423A04848005AFD60 /* SkillTableViewCell.swift in Sources */,
			);
			runOnlyForDeploymentPostprocessing = 0;
		};
/* End PBXSourcesBuildPhase section */

/* Begin PBXTargetDependency section */
		2214608223A048EB005AFD60 /* PBXTargetDependency */ = {
			isa = PBXTargetDependency;
			target = 2234C30522F301B400FB3DD2 /* VladimirZivanovCV */;
			targetProxy = 2214608123A048EB005AFD60 /* PBXContainerItemProxy */;
		};
/* End PBXTargetDependency section */

/* Begin XCBuildConfiguration section */
		2214608423A048EB005AFD60 /* Debug */ = {
			isa = XCBuildConfiguration;
			baseConfigurationReference = 0D02E274C30A036983FD14EE /* Pods-VladimirZivanovCV-VladimirZivanovCVTests.debug.xcconfig */;
			buildSettings = {
				BUNDLE_LOADER = "$(TEST_HOST)";
				CODE_SIGN_STYLE = Automatic;
				DEVELOPMENT_TEAM = K67CP6Q448;
				INFOPLIST_FILE = VladimirZivanovCVTests/Info.plist;
				IPHONEOS_DEPLOYMENT_TARGET = 13.2;
				LD_RUNPATH_SEARCH_PATHS = (
					"$(inherited)",
					"@executable_path/Frameworks",
					"@loader_path/Frameworks",
				);
				PRODUCT_BUNDLE_IDENTIFIER = Medopad.VladimirZivanovCVTests;
				PRODUCT_NAME = "$(TARGET_NAME)";
				SWIFT_VERSION = 5.0;
				TARGETED_DEVICE_FAMILY = "1,2";
				TEST_HOST = "$(BUILT_PRODUCTS_DIR)/VladimirZivanovCV.app/VladimirZivanovCV";
			};
			name = Debug;
		};
		2214608523A048EB005AFD60 /* Release */ = {
			isa = XCBuildConfiguration;
			baseConfigurationReference = 9DBC8A24F60C8C4E0024378A /* Pods-VladimirZivanovCV-VladimirZivanovCVTests.release.xcconfig */;
			buildSettings = {
				BUNDLE_LOADER = "$(TEST_HOST)";
				CODE_SIGN_STYLE = Automatic;
				DEVELOPMENT_TEAM = K67CP6Q448;
				INFOPLIST_FILE = VladimirZivanovCVTests/Info.plist;
				IPHONEOS_DEPLOYMENT_TARGET = 13.2;
				LD_RUNPATH_SEARCH_PATHS = (
					"$(inherited)",
					"@executable_path/Frameworks",
					"@loader_path/Frameworks",
				);
				PRODUCT_BUNDLE_IDENTIFIER = Medopad.VladimirZivanovCVTests;
				PRODUCT_NAME = "$(TARGET_NAME)";
				SWIFT_VERSION = 5.0;
				TARGETED_DEVICE_FAMILY = "1,2";
				TEST_HOST = "$(BUILT_PRODUCTS_DIR)/VladimirZivanovCV.app/VladimirZivanovCV";
			};
			name = Release;
		};
		2234C31622F301B700FB3DD2 /* Debug */ = {
			isa = XCBuildConfiguration;
			buildSettings = {
				ALWAYS_SEARCH_USER_PATHS = NO;
				CLANG_ANALYZER_NONNULL = YES;
				CLANG_ANALYZER_NUMBER_OBJECT_CONVERSION = YES_AGGRESSIVE;
				CLANG_CXX_LANGUAGE_STANDARD = "gnu++14";
				CLANG_CXX_LIBRARY = "libc++";
				CLANG_ENABLE_MODULES = YES;
				CLANG_ENABLE_OBJC_ARC = YES;
				CLANG_ENABLE_OBJC_WEAK = YES;
				CLANG_WARN_BLOCK_CAPTURE_AUTORELEASING = YES;
				CLANG_WARN_BOOL_CONVERSION = YES;
				CLANG_WARN_COMMA = YES;
				CLANG_WARN_CONSTANT_CONVERSION = YES;
				CLANG_WARN_DEPRECATED_OBJC_IMPLEMENTATIONS = YES;
				CLANG_WARN_DIRECT_OBJC_ISA_USAGE = YES_ERROR;
				CLANG_WARN_DOCUMENTATION_COMMENTS = YES;
				CLANG_WARN_EMPTY_BODY = YES;
				CLANG_WARN_ENUM_CONVERSION = YES;
				CLANG_WARN_INFINITE_RECURSION = YES;
				CLANG_WARN_INT_CONVERSION = YES;
				CLANG_WARN_NON_LITERAL_NULL_CONVERSION = YES;
				CLANG_WARN_OBJC_IMPLICIT_RETAIN_SELF = YES;
				CLANG_WARN_OBJC_LITERAL_CONVERSION = YES;
				CLANG_WARN_OBJC_ROOT_CLASS = YES_ERROR;
				CLANG_WARN_RANGE_LOOP_ANALYSIS = YES;
				CLANG_WARN_STRICT_PROTOTYPES = YES;
				CLANG_WARN_SUSPICIOUS_MOVE = YES;
				CLANG_WARN_UNGUARDED_AVAILABILITY = YES_AGGRESSIVE;
				CLANG_WARN_UNREACHABLE_CODE = YES;
				CLANG_WARN__DUPLICATE_METHOD_MATCH = YES;
				CODE_SIGN_IDENTITY = "iPhone Developer";
				COPY_PHASE_STRIP = NO;
				DEBUG_INFORMATION_FORMAT = dwarf;
				ENABLE_STRICT_OBJC_MSGSEND = YES;
				ENABLE_TESTABILITY = YES;
				GCC_C_LANGUAGE_STANDARD = gnu11;
				GCC_DYNAMIC_NO_PIC = NO;
				GCC_NO_COMMON_BLOCKS = YES;
				GCC_OPTIMIZATION_LEVEL = 0;
				GCC_PREPROCESSOR_DEFINITIONS = (
					"DEBUG=1",
					"$(inherited)",
				);
				GCC_WARN_64_TO_32_BIT_CONVERSION = YES;
				GCC_WARN_ABOUT_RETURN_TYPE = YES_ERROR;
				GCC_WARN_UNDECLARED_SELECTOR = YES;
				GCC_WARN_UNINITIALIZED_AUTOS = YES_AGGRESSIVE;
				GCC_WARN_UNUSED_FUNCTION = YES;
				GCC_WARN_UNUSED_VARIABLE = YES;
				IPHONEOS_DEPLOYMENT_TARGET = 12.4;
				MTL_ENABLE_DEBUG_INFO = INCLUDE_SOURCE;
				MTL_FAST_MATH = YES;
				ONLY_ACTIVE_ARCH = YES;
				SDKROOT = iphoneos;
				SWIFT_ACTIVE_COMPILATION_CONDITIONS = DEBUG;
				SWIFT_OPTIMIZATION_LEVEL = "-Onone";
			};
			name = Debug;
		};
		2234C31722F301B700FB3DD2 /* Release */ = {
			isa = XCBuildConfiguration;
			buildSettings = {
				ALWAYS_SEARCH_USER_PATHS = NO;
				CLANG_ANALYZER_NONNULL = YES;
				CLANG_ANALYZER_NUMBER_OBJECT_CONVERSION = YES_AGGRESSIVE;
				CLANG_CXX_LANGUAGE_STANDARD = "gnu++14";
				CLANG_CXX_LIBRARY = "libc++";
				CLANG_ENABLE_MODULES = YES;
				CLANG_ENABLE_OBJC_ARC = YES;
				CLANG_ENABLE_OBJC_WEAK = YES;
				CLANG_WARN_BLOCK_CAPTURE_AUTORELEASING = YES;
				CLANG_WARN_BOOL_CONVERSION = YES;
				CLANG_WARN_COMMA = YES;
				CLANG_WARN_CONSTANT_CONVERSION = YES;
				CLANG_WARN_DEPRECATED_OBJC_IMPLEMENTATIONS = YES;
				CLANG_WARN_DIRECT_OBJC_ISA_USAGE = YES_ERROR;
				CLANG_WARN_DOCUMENTATION_COMMENTS = YES;
				CLANG_WARN_EMPTY_BODY = YES;
				CLANG_WARN_ENUM_CONVERSION = YES;
				CLANG_WARN_INFINITE_RECURSION = YES;
				CLANG_WARN_INT_CONVERSION = YES;
				CLANG_WARN_NON_LITERAL_NULL_CONVERSION = YES;
				CLANG_WARN_OBJC_IMPLICIT_RETAIN_SELF = YES;
				CLANG_WARN_OBJC_LITERAL_CONVERSION = YES;
				CLANG_WARN_OBJC_ROOT_CLASS = YES_ERROR;
				CLANG_WARN_RANGE_LOOP_ANALYSIS = YES;
				CLANG_WARN_STRICT_PROTOTYPES = YES;
				CLANG_WARN_SUSPICIOUS_MOVE = YES;
				CLANG_WARN_UNGUARDED_AVAILABILITY = YES_AGGRESSIVE;
				CLANG_WARN_UNREACHABLE_CODE = YES;
				CLANG_WARN__DUPLICATE_METHOD_MATCH = YES;
				CODE_SIGN_IDENTITY = "iPhone Developer";
				COPY_PHASE_STRIP = NO;
				DEBUG_INFORMATION_FORMAT = "dwarf-with-dsym";
				ENABLE_NS_ASSERTIONS = NO;
				ENABLE_STRICT_OBJC_MSGSEND = YES;
				GCC_C_LANGUAGE_STANDARD = gnu11;
				GCC_NO_COMMON_BLOCKS = YES;
				GCC_WARN_64_TO_32_BIT_CONVERSION = YES;
				GCC_WARN_ABOUT_RETURN_TYPE = YES_ERROR;
				GCC_WARN_UNDECLARED_SELECTOR = YES;
				GCC_WARN_UNINITIALIZED_AUTOS = YES_AGGRESSIVE;
				GCC_WARN_UNUSED_FUNCTION = YES;
				GCC_WARN_UNUSED_VARIABLE = YES;
				IPHONEOS_DEPLOYMENT_TARGET = 12.4;
				MTL_ENABLE_DEBUG_INFO = NO;
				MTL_FAST_MATH = YES;
				SDKROOT = iphoneos;
				SWIFT_COMPILATION_MODE = wholemodule;
				SWIFT_OPTIMIZATION_LEVEL = "-O";
				VALIDATE_PRODUCT = YES;
			};
			name = Release;
		};
		2234C31922F301B700FB3DD2 /* Debug */ = {
			isa = XCBuildConfiguration;
			baseConfigurationReference = C3CFCBC0484BAB9E1269D9BF /* Pods-VladimirZivanovCV.debug.xcconfig */;
			buildSettings = {
				ASSETCATALOG_COMPILER_APPICON_NAME = AppIcon;
				CODE_SIGN_STYLE = Automatic;
				DEVELOPMENT_TEAM = RC7W8BPRW2;
				INFOPLIST_FILE = VladimirZivanovCV/Info.plist;
				IPHONEOS_DEPLOYMENT_TARGET = 12.0;
				LD_RUNPATH_SEARCH_PATHS = (
					"$(inherited)",
					"@executable_path/Frameworks",
				);
				PRODUCT_BUNDLE_IDENTIFIER = com.medopad.hostApp.VladimirZivanovCV;
				PRODUCT_NAME = "$(TARGET_NAME)";
				SWIFT_VERSION = 5.0;
				TARGETED_DEVICE_FAMILY = "1,2";
			};
			name = Debug;
		};
		2234C31A22F301B700FB3DD2 /* Release */ = {
			isa = XCBuildConfiguration;
			baseConfigurationReference = 6C625D94302BF493C16016B0 /* Pods-VladimirZivanovCV.release.xcconfig */;
			buildSettings = {
				ASSETCATALOG_COMPILER_APPICON_NAME = AppIcon;
				CODE_SIGN_STYLE = Automatic;
				DEVELOPMENT_TEAM = RC7W8BPRW2;
				INFOPLIST_FILE = VladimirZivanovCV/Info.plist;
				IPHONEOS_DEPLOYMENT_TARGET = 12.0;
				LD_RUNPATH_SEARCH_PATHS = (
					"$(inherited)",
					"@executable_path/Frameworks",
				);
				PRODUCT_BUNDLE_IDENTIFIER = com.medopad.hostApp.VladimirZivanovCV;
				PRODUCT_NAME = "$(TARGET_NAME)";
				SWIFT_VERSION = 5.0;
				TARGETED_DEVICE_FAMILY = "1,2";
			};
			name = Release;
		};
/* End XCBuildConfiguration section */

/* Begin XCConfigurationList section */
		2214608323A048EB005AFD60 /* Build configuration list for PBXNativeTarget "VladimirZivanovCVTests" */ = {
			isa = XCConfigurationList;
			buildConfigurations = (
				2214608423A048EB005AFD60 /* Debug */,
				2214608523A048EB005AFD60 /* Release */,
			);
			defaultConfigurationIsVisible = 0;
			defaultConfigurationName = Release;
		};
		2234C30122F301B400FB3DD2 /* Build configuration list for PBXProject "VladimirZivanovCV" */ = {
			isa = XCConfigurationList;
			buildConfigurations = (
				2234C31622F301B700FB3DD2 /* Debug */,
				2234C31722F301B700FB3DD2 /* Release */,
			);
			defaultConfigurationIsVisible = 0;
			defaultConfigurationName = Release;
		};
		2234C31822F301B700FB3DD2 /* Build configuration list for PBXNativeTarget "VladimirZivanovCV" */ = {
			isa = XCConfigurationList;
			buildConfigurations = (
				2234C31922F301B700FB3DD2 /* Debug */,
				2234C31A22F301B700FB3DD2 /* Release */,
			);
			defaultConfigurationIsVisible = 0;
			defaultConfigurationName = Release;
		};
/* End XCConfigurationList section */
	};
	rootObject = 2234C2FE22F301B400FB3DD2 /* Project object */;
}
